
Microsoft Visual Studio Solution File, Format Version 12.00
# Visual Studio Version 17
VisualStudioVersion = 17.1.32328.378
MinimumVisualStudioVersion = 10.0.40219.1
Project("{FAE04EC0-301F-11D3-BF4B-00C04F79EFBC}") = "myTestApp", "myTestApp\myTestApp.csproj", "{5E8FB60B-4EAB-4087-99E1-2A0C502991A9}"
EndProject
Global
	GlobalSection(SolutionConfigurationPlatforms) = preSolution
		Debug|Any CPU = Debug|Any CPU
		Release|Any CPU = Release|Any CPU
	EndGlobalSection
	GlobalSection(ProjectConfigurationPlatforms) = postSolution
		{5E8FB60B-4EAB-4087-99E1-2A0C502991A9}.Debug|Any CPU.ActiveCfg = Debug|Any CPU
		{5E8FB60B-4EAB-4087-99E1-2A0C502991A9}.Debug|Any CPU.Build.0 = Debug|Any CPU
		{5E8FB60B-4EAB-4087-99E1-2A0C502991A9}.Release|Any CPU.ActiveCfg = Release|Any CPU
		{5E8FB60B-4EAB-4087-99E1-2A0C502991A9}.Release|Any CPU.Build.0 = Release|Any CPU
	EndGlobalSection
	GlobalSection(SolutionProperties) = preSolution
		HideSolutionNode = FALSE
	EndGlobalSection
	GlobalSection(ExtensibilityGlobals) = postSolution
		SolutionGuid = {57B0E1FF-BB3B-4650-871C-D05CDCCCBF0B}
	EndGlobalSection
EndGlobal
